
Microsoft Visual Studio Solution File, Format Version 12.00
# Visual Studio Version 17
VisualStudioVersion = 17.5.33516.290
MinimumVisualStudioVersion = 10.0.40219.1
Project("{FAE04EC0-301F-11D3-BF4B-00C04F79EFBC}") = "WeConnect", "WeConnect\WeConnect.csproj", "{DB609E37-B535-472E-814B-C9CEE3CF99C0}"
EndProject
Global
	GlobalSection(SolutionConfigurationPlatforms) = preSolution
		Debug|Any CPU = Debug|Any CPU
		Release|Any CPU = Release|Any CPU
	EndGlobalSection
	GlobalSection(ProjectConfigurationPlatforms) = postSolution
		{DB609E37-B535-472E-814B-C9CEE3CF99C0}.Debug|Any CPU.ActiveCfg = Debug|Any CPU
		{DB609E37-B535-472E-814B-C9CEE3CF99C0}.Debug|Any CPU.Build.0 = Debug|Any CPU
		{DB609E37-B535-472E-814B-C9CEE3CF99C0}.Release|Any CPU.ActiveCfg = Release|Any CPU
		{DB609E37-B535-472E-814B-C9CEE3CF99C0}.Release|Any CPU.Build.0 = Release|Any CPU
	EndGlobalSection
	GlobalSection(SolutionProperties) = preSolution
		HideSolutionNode = FALSE
	EndGlobalSection
	GlobalSection(ExtensibilityGlobals) = postSolution
		SolutionGuid = {C6F07638-7916-4053-BCFF-8A6BC7B15D34}
	EndGlobalSection
EndGlobal
